
Microsoft Visual Studio Solution File, Format Version 12.00
# Visual Studio Version 17
VisualStudioVersion = 17.10.35122.118
MinimumVisualStudioVersion = 10.0.40219.1
Project("{FAE04EC0-301F-11D3-BF4B-00C04F79EFBC}") = "AtividadeDistribuicaoDeCargaAG", "AtividadeDistribuicaoDeCargaAG.csproj", "{985F83D3-5B55-44FD-AF6B-6E60F1608BAD}"
EndProject
Global
	GlobalSection(SolutionConfigurationPlatforms) = preSolution
		Debug|Any CPU = Debug|Any CPU
		Release|Any CPU = Release|Any CPU
	EndGlobalSection
	GlobalSection(ProjectConfigurationPlatforms) = postSolution
		{985F83D3-5B55-44FD-AF6B-6E60F1608BAD}.Debug|Any CPU.ActiveCfg = Debug|Any CPU
		{985F83D3-5B55-44FD-AF6B-6E60F1608BAD}.Debug|Any CPU.Build.0 = Debug|Any CPU
		{985F83D3-5B55-44FD-AF6B-6E60F1608BAD}.Release|Any CPU.ActiveCfg = Release|Any CPU
		{985F83D3-5B55-44FD-AF6B-6E60F1608BAD}.Release|Any CPU.Build.0 = Release|Any CPU
	EndGlobalSection
	GlobalSection(SolutionProperties) = preSolution
		HideSolutionNode = FALSE
	EndGlobalSection
	GlobalSection(ExtensibilityGlobals) = postSolution
		SolutionGuid = {1269942B-A151-47CD-BCE9-19683F8CC9FD}
	EndGlobalSection
EndGlobal
